
Microsoft Visual Studio Solution File, Format Version 12.00
# Visual Studio 15
Project("{FAE04EC0-301F-11D3-BF4B-00C04F79EFBC}") = "Assembly-CSharp", "Assembly-CSharp.csproj", "{0B5E8955-9B67-AB2F-0685-0D4FAEC710A5}"
EndProject
Project("{FAE04EC0-301F-11D3-BF4B-00C04F79EFBC}") = "Assembly-CSharp-Editor", "Assembly-CSharp-Editor.csproj", "{3B1B6ADF-ADC3-0C2D-0183-E6F09E481AD8}"
EndProject
Global
	GlobalSection(SolutionConfigurationPlatforms) = preSolution
		Debug|Any CPU = Debug|Any CPU
		Release|Any CPU = Release|Any CPU
	EndGlobalSection
	GlobalSection(ProjectConfigurationPlatforms) = postSolution
		{0B5E8955-9B67-AB2F-0685-0D4FAEC710A5}.Debug|Any CPU.ActiveCfg = Debug|Any CPU
		{0B5E8955-9B67-AB2F-0685-0D4FAEC710A5}.Debug|Any CPU.Build.0 = Debug|Any CPU
		{0B5E8955-9B67-AB2F-0685-0D4FAEC710A5}.Release|Any CPU.ActiveCfg = Release|Any CPU
		{0B5E8955-9B67-AB2F-0685-0D4FAEC710A5}.Release|Any CPU.Build.0 = Release|Any CPU
		{3B1B6ADF-ADC3-0C2D-0183-E6F09E481AD8}.Debug|Any CPU.ActiveCfg = Debug|Any CPU
		{3B1B6ADF-ADC3-0C2D-0183-E6F09E481AD8}.Debug|Any CPU.Build.0 = Debug|Any CPU
		{3B1B6ADF-ADC3-0C2D-0183-E6F09E481AD8}.Release|Any CPU.ActiveCfg = Release|Any CPU
		{3B1B6ADF-ADC3-0C2D-0183-E6F09E481AD8}.Release|Any CPU.Build.0 = Release|Any CPU
	EndGlobalSection
	GlobalSection(SolutionProperties) = preSolution
		HideSolutionNode = FALSE
	EndGlobalSection
EndGlobal
